
Microsoft Visual Studio Solution File, Format Version 12.00
# Visual Studio Version 16
VisualStudioVersion = 16.0.31112.23
MinimumVisualStudioVersion = 10.0.40219.1
Project("{FAE04EC0-301F-11D3-BF4B-00C04F79EFBC}") = "razorcore", "razorcore\razorcore.csproj", "{D1480A2F-6B2D-4DC8-A30E-CC7B760190E1}"
EndProject
Global
	GlobalSection(SolutionConfigurationPlatforms) = preSolution
		Debug|Any CPU = Debug|Any CPU
		Release|Any CPU = Release|Any CPU
	EndGlobalSection
	GlobalSection(ProjectConfigurationPlatforms) = postSolution
		{D1480A2F-6B2D-4DC8-A30E-CC7B760190E1}.Debug|Any CPU.ActiveCfg = Debug|Any CPU
		{D1480A2F-6B2D-4DC8-A30E-CC7B760190E1}.Debug|Any CPU.Build.0 = Debug|Any CPU
		{D1480A2F-6B2D-4DC8-A30E-CC7B760190E1}.Release|Any CPU.ActiveCfg = Release|Any CPU
		{D1480A2F-6B2D-4DC8-A30E-CC7B760190E1}.Release|Any CPU.Build.0 = Release|Any CPU
	EndGlobalSection
	GlobalSection(SolutionProperties) = preSolution
		HideSolutionNode = FALSE
	EndGlobalSection
	GlobalSection(ExtensibilityGlobals) = postSolution
		SolutionGuid = {AC19B2B7-E0E6-4866-BD12-FD94F7B891FC}
	EndGlobalSection
EndGlobal
