
Microsoft Visual Studio Solution File, Format Version 12.00
# Visual Studio Version 16
VisualStudioVersion = 16.0.31112.23
MinimumVisualStudioVersion = 10.0.40219.1
Project("{FAE04EC0-301F-11D3-BF4B-00C04F79EFBC}") = "AauthenticationTokendotnet", "AauthenticationTokendotnet\AauthenticationTokendotnet.csproj", "{1DC7A867-5439-4E49-8ACB-00F756E8772B}"
EndProject
Global
	GlobalSection(SolutionConfigurationPlatforms) = preSolution
		Debug|Any CPU = Debug|Any CPU
		Release|Any CPU = Release|Any CPU
	EndGlobalSection
	GlobalSection(ProjectConfigurationPlatforms) = postSolution
		{1DC7A867-5439-4E49-8ACB-00F756E8772B}.Debug|Any CPU.ActiveCfg = Debug|Any CPU
		{1DC7A867-5439-4E49-8ACB-00F756E8772B}.Debug|Any CPU.Build.0 = Debug|Any CPU
		{1DC7A867-5439-4E49-8ACB-00F756E8772B}.Release|Any CPU.ActiveCfg = Release|Any CPU
		{1DC7A867-5439-4E49-8ACB-00F756E8772B}.Release|Any CPU.Build.0 = Release|Any CPU
	EndGlobalSection
	GlobalSection(SolutionProperties) = preSolution
		HideSolutionNode = FALSE
	EndGlobalSection
	GlobalSection(ExtensibilityGlobals) = postSolution
		SolutionGuid = {7591751F-F57A-46E8-81EE-5DBF34CE3F88}
	EndGlobalSection
EndGlobal
