
Microsoft Visual Studio Solution File, Format Version 12.00
# Visual Studio Version 16
VisualStudioVersion = 16.0.31112.23
MinimumVisualStudioVersion = 10.0.40219.1
Project("{FAE04EC0-301F-11D3-BF4B-00C04F79EFBC}") = "AuthenticationLogin", "AuthenticationLogin\AuthenticationLogin.csproj", "{6BD021C9-4E2A-4BED-BBA8-7D386395E01D}"
EndProject
Global
	GlobalSection(SolutionConfigurationPlatforms) = preSolution
		Debug|Any CPU = Debug|Any CPU
		Release|Any CPU = Release|Any CPU
	EndGlobalSection
	GlobalSection(ProjectConfigurationPlatforms) = postSolution
		{6BD021C9-4E2A-4BED-BBA8-7D386395E01D}.Debug|Any CPU.ActiveCfg = Debug|Any CPU
		{6BD021C9-4E2A-4BED-BBA8-7D386395E01D}.Debug|Any CPU.Build.0 = Debug|Any CPU
		{6BD021C9-4E2A-4BED-BBA8-7D386395E01D}.Release|Any CPU.ActiveCfg = Release|Any CPU
		{6BD021C9-4E2A-4BED-BBA8-7D386395E01D}.Release|Any CPU.Build.0 = Release|Any CPU
	EndGlobalSection
	GlobalSection(SolutionProperties) = preSolution
		HideSolutionNode = FALSE
	EndGlobalSection
	GlobalSection(ExtensibilityGlobals) = postSolution
		SolutionGuid = {832A5752-849D-45A1-AA7E-BF7A785EB478}
	EndGlobalSection
EndGlobal
